
Microsoft Visual Studio Solution File, Format Version 12.00
# Visual Studio Version 16
VisualStudioVersion = 16.0.32901.82
MinimumVisualStudioVersion = 10.0.40219.1
Project("{FAE04EC0-301F-11D3-BF4B-00C04F79EFBC}") = "Tema2-AdivinaNumero", "Tema2-AdivinaNumero.csproj", "{EEC2D547-42E4-4F2A-95A7-ED39929B65CF}"
EndProject
Global
	GlobalSection(SolutionConfigurationPlatforms) = preSolution
		Debug|Any CPU = Debug|Any CPU
		Release|Any CPU = Release|Any CPU
	EndGlobalSection
	GlobalSection(ProjectConfigurationPlatforms) = postSolution
		{EEC2D547-42E4-4F2A-95A7-ED39929B65CF}.Debug|Any CPU.ActiveCfg = Debug|Any CPU
		{EEC2D547-42E4-4F2A-95A7-ED39929B65CF}.Debug|Any CPU.Build.0 = Debug|Any CPU
		{EEC2D547-42E4-4F2A-95A7-ED39929B65CF}.Release|Any CPU.ActiveCfg = Release|Any CPU
		{EEC2D547-42E4-4F2A-95A7-ED39929B65CF}.Release|Any CPU.Build.0 = Release|Any CPU
	EndGlobalSection
	GlobalSection(SolutionProperties) = preSolution
		HideSolutionNode = FALSE
	EndGlobalSection
	GlobalSection(ExtensibilityGlobals) = postSolution
		SolutionGuid = {C128A6D1-B366-4DFA-A7D8-C959E8F7F70F}
	EndGlobalSection
EndGlobal
